
Microsoft Visual Studio Solution File, Format Version 12.00
# Visual Studio 14
VisualStudioVersion = 14.0.23107.0
MinimumVisualStudioVersion = 10.0.40219.1
Project("{FAE04EC0-301F-11D3-BF4B-00C04F79EFBC}") = "wasSharp", "wasSharp.csproj", "{A971E1C9-776C-4CD2-88AC-71197C7B955E}"
EndProject
Global
	GlobalSection(SolutionConfigurationPlatforms) = preSolution
		Debug|Any CPU = Debug|Any CPU
		Release|Any CPU = Release|Any CPU
	EndGlobalSection
	GlobalSection(ProjectConfigurationPlatforms) = postSolution
		{A971E1C9-776C-4CD2-88AC-71197C7B955E}.Debug|Any CPU.ActiveCfg = Debug|Any CPU
		{A971E1C9-776C-4CD2-88AC-71197C7B955E}.Debug|Any CPU.Build.0 = Debug|Any CPU
		{A971E1C9-776C-4CD2-88AC-71197C7B955E}.Release|Any CPU.ActiveCfg = Release|Any CPU
		{A971E1C9-776C-4CD2-88AC-71197C7B955E}.Release|Any CPU.Build.0 = Release|Any CPU
	EndGlobalSection
	GlobalSection(SolutionProperties) = preSolution
		HideSolutionNode = FALSE
	EndGlobalSection
EndGlobal
