Microsoft Visual Studio Solution File, Format Version 10.00
# Visual Studio 2008
Project("{FAE04EC0-301F-11D3-BF4B-00C04F79EFBC}") = "AvatarPreview", "..\libopenmetaverse\Programs\AvatarPreview\AvatarPreview.csproj", "{9FF57FDC-4C51-4FDB-BE65-476FEB01F35B}"
EndProject
Project("{FAE04EC0-301F-11D3-BF4B-00C04F79EFBC}") = "VisualParamGenerator", "..\libopenmetaverse\Programs\VisualParamGenerator\VisualParamGenerator.csproj", "{7B70FB2E-74FB-44D1-98A2-58074D3D019C}"
EndProject
Project("{FAE04EC0-301F-11D3-BF4B-00C04F79EFBC}") = "Heightmap", "..\libopenmetaverse\Programs\examples\Heightmap\Heightmap.csproj", "{355A9270-C8E7-4654-994F-32CE83EB0736}"
EndProject
Project("{FAE04EC0-301F-11D3-BF4B-00C04F79EFBC}") = "PacketDump", "..\libopenmetaverse\Programs\examples\PacketDump\PacketDump.csproj", "{9B64D69D-D19F-4E97-9ADB-847239D75757}"
EndProject
Project("{FAE04EC0-301F-11D3-BF4B-00C04F79EFBC}") = "OpenMetaverseTypes", "..\libopenmetaverse\OpenMetaverseTypes\OpenMetaverseTypes.csproj", "{C8C04131-35FF-4B80-8220-747EB0E9AFD1}"
EndProject
Project("{FAE04EC0-301F-11D3-BF4B-00C04F79EFBC}") = "TestClient", "..\libopenmetaverse\Programs\examples\TestClient\TestClient.csproj", "{D585ADC1-7B46-4B5C-AF70-6ABE9928637C}"
EndProject
Project("{FAE04EC0-301F-11D3-BF4B-00C04F79EFBC}") = "PrimWorkshop", "..\libopenmetaverse\Programs\PrimWorkshop\PrimWorkshop.csproj", "{DC3FFCA5-6B94-4035-B5FE-AAA8DEC42911}"
EndProject
Project("{FAE04EC0-301F-11D3-BF4B-00C04F79EFBC}") = "OpenMetaverse.Rendering.Simple", "..\libopenmetaverse\OpenMetaverse.Rendering.Simple\OpenMetaverse.Rendering.Simple.csproj", "{33BF07CB-19F2-4121-980E-752A7C9ADAFD}"
EndProject
Project("{FAE04EC0-301F-11D3-BF4B-00C04F79EFBC}") = "GridAccountant", "..\libopenmetaverse\Programs\examples\GridAccountant\GridAccountant.csproj", "{02EDBCF7-C1BB-43A4-826F-E193C3539135}"
EndProject
Project("{FAE04EC0-301F-11D3-BF4B-00C04F79EFBC}") = "OpenMetaverse.Tests", "..\libopenmetaverse\OpenMetaverse.Tests\OpenMetaverse.Tests.csproj", "{C1C8FB6A-5F31-4E96-A71E-259A7B2227DB}"
EndProject
Project("{FAE04EC0-301F-11D3-BF4B-00C04F79EFBC}") = "OpenMetaverse", "..\libopenmetaverse\OpenMetaverse\OpenMetaverse.csproj", "{33971A14-F460-4704-8A25-051447F19AEB}"
EndProject
Project("{FAE04EC0-301F-11D3-BF4B-00C04F79EFBC}") = "VoiceTest", "..\libopenmetaverse\Programs\VoiceTest\VoiceTest.csproj", "{7CF341A6-969C-419A-B433-9C9218E661B3}"
EndProject
Project("{FAE04EC0-301F-11D3-BF4B-00C04F79EFBC}") = "GridProxyApp", "..\libopenmetaverse\Programs\GridProxy\GridProxyApp.csproj", "{C11511D9-C511-4D9F-B2D9-19066DE49D20}"
EndProject
Project("{FAE04EC0-301F-11D3-BF4B-00C04F79EFBC}") = "Baker", "..\libopenmetaverse\Programs\Baker\Baker.csproj", "{1B9E77AD-3051-4F5B-B88B-6C97C0D56533}"
EndProject
Project("{FAE04EC0-301F-11D3-BF4B-00C04F79EFBC}") = "mapgenerator", "..\libopenmetaverse\Programs\mapgenerator\mapgenerator.csproj", "{E04348B4-BD0B-41F3-B88F-8918A4C23C96}"
EndProject
Project("{FAE04EC0-301F-11D3-BF4B-00C04F79EFBC}") = "WinGridProxy", "..\libopenmetaverse\Programs\WinGridProxy\WinGridProxy.csproj", "{C339A58C-10EB-4512-9235-AC3CEEF211E4}"
EndProject
Project("{FAE04EC0-301F-11D3-BF4B-00C04F79EFBC}") = "OpenMetaverse.Rendering.Meshmerizer", "..\libopenmetaverse\OpenMetaverse.Rendering.Meshmerizer\OpenMetaverse.Rendering.Meshmerizer.csproj", "{2E80DBC7-9431-4FB2-87F9-E4A0D9B226AC}"
EndProject
Project("{FAE04EC0-301F-11D3-BF4B-00C04F79EFBC}") = "GridImageUpload", "..\libopenmetaverse\Programs\GridImageUpload\GridImageUpload.csproj", "{80001D5C-B7EE-4103-9356-D3BF10EBF1CD}"
EndProject
Project("{FAE04EC0-301F-11D3-BF4B-00C04F79EFBC}") = "OpenMetaverse.Utilities", "..\libopenmetaverse\OpenMetaverse.Utilities\OpenMetaverse.Utilities.csproj", "{BCD5E095-986D-402E-9E34-8E0D192DC982}"
EndProject
Project("{FAE04EC0-301F-11D3-BF4B-00C04F79EFBC}") = "IRCGateway", "..\libopenmetaverse\Programs\examples\IRCGateway\IRCGateway.csproj", "{D8A29C41-B1B8-4D19-8CAA-5894CAE4DD1E}"
EndProject
Project("{FAE04EC0-301F-11D3-BF4B-00C04F79EFBC}") = "Dashboard", "..\libopenmetaverse\Programs\examples\Dashboard\Dashboard.csproj", "{C1A2D216-8ACC-4A36-81FC-39C25D09C7F1}"
EndProject
Project("{FAE04EC0-301F-11D3-BF4B-00C04F79EFBC}") = "groupmanager", "..\libopenmetaverse\Programs\examples\groupmanager\groupmanager.csproj", "{4082EFA9-ADC7-485E-BD54-7CA52731C15D}"
EndProject
Project("{FAE04EC0-301F-11D3-BF4B-00C04F79EFBC}") = "CSJ2K", "..\libopenmetaverse\CSJ2K\CSJ2K.csproj", "{A3B5FF48-58B7-4F69-8B49-E6417ABE1818}"
EndProject
Project("{FAE04EC0-301F-11D3-BF4B-00C04F79EFBC}") = "OpenMetaverse.GUI", "..\libopenmetaverse\OpenMetaverse.GUI\OpenMetaverse.GUI.csproj", "{5A3845FD-7BF9-4324-9710-E4FCE351405D}"
EndProject
Project("{FAE04EC0-301F-11D3-BF4B-00C04F79EFBC}") = "GridProxy", "..\libopenmetaverse\Programs\GridProxy\GridProxy.csproj", "{4802582B-DBC0-4568-B75D-F0745A81BEE9}"
EndProject
Project("{FAE04EC0-301F-11D3-BF4B-00C04F79EFBC}") = "OpenMetaverse.StructuredData", "..\libopenmetaverse\OpenMetaverse.StructuredData\OpenMetaverse.StructuredData.csproj", "{F3FA150D-325B-40F2-B978-05D47E402698}"
EndProject
Project("{FAE04EC0-301F-11D3-BF4B-00C04F79EFBC}") = "importprimscript", "..\libopenmetaverse\Programs\importprimscript\importprimscript.csproj", "{42843308-275F-4E21-B79D-A3960A6C7144}"
EndProject
Global
	GlobalSection(SolutionConfigurationPlatforms) = preSolution
		Release|Any CPU = Release|Any CPU
		Debug|Any CPU = Debug|Any CPU
	EndGlobalSection
	GlobalSection(ProjectConfigurationPlatforms) = postSolution
		{9FF57FDC-4C51-4FDB-BE65-476FEB01F35B}.Release|Any CPU.ActiveCfg = Release|Any CPU
		{9FF57FDC-4C51-4FDB-BE65-476FEB01F35B}.Release|Any CPU.Build.0 = Release|Any CPU
		{9FF57FDC-4C51-4FDB-BE65-476FEB01F35B}.Debug|Any CPU.ActiveCfg = Debug|Any CPU
		{9FF57FDC-4C51-4FDB-BE65-476FEB01F35B}.Debug|Any CPU.Build.0 = Debug|Any CPU
		{7B70FB2E-74FB-44D1-98A2-58074D3D019C}.Release|Any CPU.ActiveCfg = Release|Any CPU
		{7B70FB2E-74FB-44D1-98A2-58074D3D019C}.Release|Any CPU.Build.0 = Release|Any CPU
		{7B70FB2E-74FB-44D1-98A2-58074D3D019C}.Debug|Any CPU.ActiveCfg = Debug|Any CPU
		{7B70FB2E-74FB-44D1-98A2-58074D3D019C}.Debug|Any CPU.Build.0 = Debug|Any CPU
		{355A9270-C8E7-4654-994F-32CE83EB0736}.Release|Any CPU.ActiveCfg = Release|Any CPU
		{355A9270-C8E7-4654-994F-32CE83EB0736}.Release|Any CPU.Build.0 = Release|Any CPU
		{355A9270-C8E7-4654-994F-32CE83EB0736}.Debug|Any CPU.ActiveCfg = Debug|Any CPU
		{355A9270-C8E7-4654-994F-32CE83EB0736}.Debug|Any CPU.Build.0 = Debug|Any CPU
		{9B64D69D-D19F-4E97-9ADB-847239D75757}.Release|Any CPU.ActiveCfg = Release|Any CPU
		{9B64D69D-D19F-4E97-9ADB-847239D75757}.Release|Any CPU.Build.0 = Release|Any CPU
		{9B64D69D-D19F-4E97-9ADB-847239D75757}.Debug|Any CPU.ActiveCfg = Debug|Any CPU
		{9B64D69D-D19F-4E97-9ADB-847239D75757}.Debug|Any CPU.Build.0 = Debug|Any CPU
		{C8C04131-35FF-4B80-8220-747EB0E9AFD1}.Release|Any CPU.ActiveCfg = Release|Any CPU
		{C8C04131-35FF-4B80-8220-747EB0E9AFD1}.Release|Any CPU.Build.0 = Release|Any CPU
		{C8C04131-35FF-4B80-8220-747EB0E9AFD1}.Debug|Any CPU.ActiveCfg = Debug|Any CPU
		{C8C04131-35FF-4B80-8220-747EB0E9AFD1}.Debug|Any CPU.Build.0 = Debug|Any CPU
		{D585ADC1-7B46-4B5C-AF70-6ABE9928637C}.Release|Any CPU.ActiveCfg = Release|Any CPU
		{D585ADC1-7B46-4B5C-AF70-6ABE9928637C}.Release|Any CPU.Build.0 = Release|Any CPU
		{D585ADC1-7B46-4B5C-AF70-6ABE9928637C}.Debug|Any CPU.ActiveCfg = Debug|Any CPU
		{D585ADC1-7B46-4B5C-AF70-6ABE9928637C}.Debug|Any CPU.Build.0 = Debug|Any CPU
		{DC3FFCA5-6B94-4035-B5FE-AAA8DEC42911}.Release|Any CPU.ActiveCfg = Release|Any CPU
		{DC3FFCA5-6B94-4035-B5FE-AAA8DEC42911}.Release|Any CPU.Build.0 = Release|Any CPU
		{DC3FFCA5-6B94-4035-B5FE-AAA8DEC42911}.Debug|Any CPU.ActiveCfg = Debug|Any CPU
		{DC3FFCA5-6B94-4035-B5FE-AAA8DEC42911}.Debug|Any CPU.Build.0 = Debug|Any CPU
		{33BF07CB-19F2-4121-980E-752A7C9ADAFD}.Release|Any CPU.ActiveCfg = Release|Any CPU
		{33BF07CB-19F2-4121-980E-752A7C9ADAFD}.Release|Any CPU.Build.0 = Release|Any CPU
		{33BF07CB-19F2-4121-980E-752A7C9ADAFD}.Debug|Any CPU.ActiveCfg = Debug|Any CPU
		{33BF07CB-19F2-4121-980E-752A7C9ADAFD}.Debug|Any CPU.Build.0 = Debug|Any CPU
		{02EDBCF7-C1BB-43A4-826F-E193C3539135}.Release|Any CPU.ActiveCfg = Release|Any CPU
		{02EDBCF7-C1BB-43A4-826F-E193C3539135}.Release|Any CPU.Build.0 = Release|Any CPU
		{02EDBCF7-C1BB-43A4-826F-E193C3539135}.Debug|Any CPU.ActiveCfg = Debug|Any CPU
		{02EDBCF7-C1BB-43A4-826F-E193C3539135}.Debug|Any CPU.Build.0 = Debug|Any CPU
		{C1C8FB6A-5F31-4E96-A71E-259A7B2227DB}.Release|Any CPU.ActiveCfg = Release|Any CPU
		{C1C8FB6A-5F31-4E96-A71E-259A7B2227DB}.Release|Any CPU.Build.0 = Release|Any CPU
		{C1C8FB6A-5F31-4E96-A71E-259A7B2227DB}.Debug|Any CPU.ActiveCfg = Debug|Any CPU
		{C1C8FB6A-5F31-4E96-A71E-259A7B2227DB}.Debug|Any CPU.Build.0 = Debug|Any CPU
		{33971A14-F460-4704-8A25-051447F19AEB}.Release|Any CPU.ActiveCfg = Release|Any CPU
		{33971A14-F460-4704-8A25-051447F19AEB}.Release|Any CPU.Build.0 = Release|Any CPU
		{33971A14-F460-4704-8A25-051447F19AEB}.Debug|Any CPU.ActiveCfg = Debug|Any CPU
		{33971A14-F460-4704-8A25-051447F19AEB}.Debug|Any CPU.Build.0 = Debug|Any CPU
		{7CF341A6-969C-419A-B433-9C9218E661B3}.Release|Any CPU.ActiveCfg = Release|Any CPU
		{7CF341A6-969C-419A-B433-9C9218E661B3}.Release|Any CPU.Build.0 = Release|Any CPU
		{7CF341A6-969C-419A-B433-9C9218E661B3}.Debug|Any CPU.ActiveCfg = Debug|Any CPU
		{7CF341A6-969C-419A-B433-9C9218E661B3}.Debug|Any CPU.Build.0 = Debug|Any CPU
		{C11511D9-C511-4D9F-B2D9-19066DE49D20}.Release|Any CPU.ActiveCfg = Release|Any CPU
		{C11511D9-C511-4D9F-B2D9-19066DE49D20}.Release|Any CPU.Build.0 = Release|Any CPU
		{C11511D9-C511-4D9F-B2D9-19066DE49D20}.Debug|Any CPU.ActiveCfg = Debug|Any CPU
		{C11511D9-C511-4D9F-B2D9-19066DE49D20}.Debug|Any CPU.Build.0 = Debug|Any CPU
		{1B9E77AD-3051-4F5B-B88B-6C97C0D56533}.Release|Any CPU.ActiveCfg = Release|Any CPU
		{1B9E77AD-3051-4F5B-B88B-6C97C0D56533}.Release|Any CPU.Build.0 = Release|Any CPU
		{1B9E77AD-3051-4F5B-B88B-6C97C0D56533}.Debug|Any CPU.ActiveCfg = Debug|Any CPU
		{1B9E77AD-3051-4F5B-B88B-6C97C0D56533}.Debug|Any CPU.Build.0 = Debug|Any CPU
		{E04348B4-BD0B-41F3-B88F-8918A4C23C96}.Release|Any CPU.ActiveCfg = Release|Any CPU
		{E04348B4-BD0B-41F3-B88F-8918A4C23C96}.Release|Any CPU.Build.0 = Release|Any CPU
		{E04348B4-BD0B-41F3-B88F-8918A4C23C96}.Debug|Any CPU.ActiveCfg = Debug|Any CPU
		{E04348B4-BD0B-41F3-B88F-8918A4C23C96}.Debug|Any CPU.Build.0 = Debug|Any CPU
		{C339A58C-10EB-4512-9235-AC3CEEF211E4}.Release|Any CPU.ActiveCfg = Release|Any CPU
		{C339A58C-10EB-4512-9235-AC3CEEF211E4}.Release|Any CPU.Build.0 = Release|Any CPU
		{C339A58C-10EB-4512-9235-AC3CEEF211E4}.Debug|Any CPU.ActiveCfg = Debug|Any CPU
		{C339A58C-10EB-4512-9235-AC3CEEF211E4}.Debug|Any CPU.Build.0 = Debug|Any CPU
		{2E80DBC7-9431-4FB2-87F9-E4A0D9B226AC}.Release|Any CPU.ActiveCfg = Release|Any CPU
		{2E80DBC7-9431-4FB2-87F9-E4A0D9B226AC}.Release|Any CPU.Build.0 = Release|Any CPU
		{2E80DBC7-9431-4FB2-87F9-E4A0D9B226AC}.Debug|Any CPU.ActiveCfg = Debug|Any CPU
		{2E80DBC7-9431-4FB2-87F9-E4A0D9B226AC}.Debug|Any CPU.Build.0 = Debug|Any CPU
		{80001D5C-B7EE-4103-9356-D3BF10EBF1CD}.Release|Any CPU.ActiveCfg = Release|Any CPU
		{80001D5C-B7EE-4103-9356-D3BF10EBF1CD}.Release|Any CPU.Build.0 = Release|Any CPU
		{80001D5C-B7EE-4103-9356-D3BF10EBF1CD}.Debug|Any CPU.ActiveCfg = Debug|Any CPU
		{80001D5C-B7EE-4103-9356-D3BF10EBF1CD}.Debug|Any CPU.Build.0 = Debug|Any CPU
		{BCD5E095-986D-402E-9E34-8E0D192DC982}.Release|Any CPU.ActiveCfg = Release|Any CPU
		{BCD5E095-986D-402E-9E34-8E0D192DC982}.Release|Any CPU.Build.0 = Release|Any CPU
		{BCD5E095-986D-402E-9E34-8E0D192DC982}.Debug|Any CPU.ActiveCfg = Debug|Any CPU
		{BCD5E095-986D-402E-9E34-8E0D192DC982}.Debug|Any CPU.Build.0 = Debug|Any CPU
		{D8A29C41-B1B8-4D19-8CAA-5894CAE4DD1E}.Release|Any CPU.ActiveCfg = Release|Any CPU
		{D8A29C41-B1B8-4D19-8CAA-5894CAE4DD1E}.Release|Any CPU.Build.0 = Release|Any CPU
		{D8A29C41-B1B8-4D19-8CAA-5894CAE4DD1E}.Debug|Any CPU.ActiveCfg = Debug|Any CPU
		{D8A29C41-B1B8-4D19-8CAA-5894CAE4DD1E}.Debug|Any CPU.Build.0 = Debug|Any CPU
		{C1A2D216-8ACC-4A36-81FC-39C25D09C7F1}.Release|Any CPU.ActiveCfg = Release|Any CPU
		{C1A2D216-8ACC-4A36-81FC-39C25D09C7F1}.Release|Any CPU.Build.0 = Release|Any CPU
		{C1A2D216-8ACC-4A36-81FC-39C25D09C7F1}.Debug|Any CPU.ActiveCfg = Debug|Any CPU
		{C1A2D216-8ACC-4A36-81FC-39C25D09C7F1}.Debug|Any CPU.Build.0 = Debug|Any CPU
		{4082EFA9-ADC7-485E-BD54-7CA52731C15D}.Release|Any CPU.ActiveCfg = Release|Any CPU
		{4082EFA9-ADC7-485E-BD54-7CA52731C15D}.Release|Any CPU.Build.0 = Release|Any CPU
		{4082EFA9-ADC7-485E-BD54-7CA52731C15D}.Debug|Any CPU.ActiveCfg = Debug|Any CPU
		{4082EFA9-ADC7-485E-BD54-7CA52731C15D}.Debug|Any CPU.Build.0 = Debug|Any CPU
		{A3B5FF48-58B7-4F69-8B49-E6417ABE1818}.Release|Any CPU.ActiveCfg = Release|Any CPU
		{A3B5FF48-58B7-4F69-8B49-E6417ABE1818}.Release|Any CPU.Build.0 = Release|Any CPU
		{A3B5FF48-58B7-4F69-8B49-E6417ABE1818}.Debug|Any CPU.ActiveCfg = Debug|Any CPU
		{A3B5FF48-58B7-4F69-8B49-E6417ABE1818}.Debug|Any CPU.Build.0 = Debug|Any CPU
		{5A3845FD-7BF9-4324-9710-E4FCE351405D}.Release|Any CPU.ActiveCfg = Release|Any CPU
		{5A3845FD-7BF9-4324-9710-E4FCE351405D}.Release|Any CPU.Build.0 = Release|Any CPU
		{5A3845FD-7BF9-4324-9710-E4FCE351405D}.Debug|Any CPU.ActiveCfg = Debug|Any CPU
		{5A3845FD-7BF9-4324-9710-E4FCE351405D}.Debug|Any CPU.Build.0 = Debug|Any CPU
		{4802582B-DBC0-4568-B75D-F0745A81BEE9}.Release|Any CPU.ActiveCfg = Release|Any CPU
		{4802582B-DBC0-4568-B75D-F0745A81BEE9}.Release|Any CPU.Build.0 = Release|Any CPU
		{4802582B-DBC0-4568-B75D-F0745A81BEE9}.Debug|Any CPU.ActiveCfg = Debug|Any CPU
		{4802582B-DBC0-4568-B75D-F0745A81BEE9}.Debug|Any CPU.Build.0 = Debug|Any CPU
		{F3FA150D-325B-40F2-B978-05D47E402698}.Release|Any CPU.ActiveCfg = Release|Any CPU
		{F3FA150D-325B-40F2-B978-05D47E402698}.Release|Any CPU.Build.0 = Release|Any CPU
		{F3FA150D-325B-40F2-B978-05D47E402698}.Debug|Any CPU.ActiveCfg = Debug|Any CPU
		{F3FA150D-325B-40F2-B978-05D47E402698}.Debug|Any CPU.Build.0 = Debug|Any CPU
		{42843308-275F-4E21-B79D-A3960A6C7144}.Release|Any CPU.ActiveCfg = Release|Any CPU
		{42843308-275F-4E21-B79D-A3960A6C7144}.Release|Any CPU.Build.0 = Release|Any CPU
		{42843308-275F-4E21-B79D-A3960A6C7144}.Debug|Any CPU.ActiveCfg = Debug|Any CPU
		{42843308-275F-4E21-B79D-A3960A6C7144}.Debug|Any CPU.Build.0 = Debug|Any CPU
	EndGlobalSection
EndGlobal
